# This file is generated by running "yarn install" inside your project.
# Manual changes might be lost - proceed with caution!

__metadata:
  version: 8
  cacheKey: 10c0

"@tgsnake/core@workspace:.":
  version: 0.0.0-use.local
  resolution: "@tgsnake/core@workspace:."
  dependencies:
    "@tgsnake/log": "npm:latest"
    "@types/node": "npm:22.8.1"
    async-mutex: "npm:0.5.0"
    big-integer: "npm:1.6.52"
    deno2node: "npm:1.14.0"
    prettier: "npm:3.3.3"
    socks: "npm:2.8.3"
  languageName: unknown
  linkType: soft

"@tgsnake/log@npm:latest":
  version: 1.6.4
  resolution: "@tgsnake/log@npm:1.6.4"
  dependencies:
    chalk: "npm:4.1.2"
  checksum: 10c0/f5afd8607721c136e0cbe55b3e5a20341f6898ea0cdd8e947576ee8253b4afb41452faa2aa9db95e45da73f2cb699497af6401dd994bb549990b1fd9294e4fc3
  languageName: node
  linkType: hard

"@ts-morph/common@npm:~0.25.0":
  version: 0.25.0
  resolution: "@ts-morph/common@npm:0.25.0"
  dependencies:
    minimatch: "npm:^9.0.4"
    path-browserify: "npm:^1.0.1"
    tinyglobby: "npm:^0.2.9"
  checksum: 10c0/c67e66db678e44886e9823e6482834acebfae0ea52ccbfa2af1ca9abfe5a9774dad6e852c8f480909bc196175f17e15454af71d7a41a1c137db09e74f046a830
  languageName: node
  linkType: hard

"@types/node@npm:22.8.1":
  version: 22.8.1
  resolution: "@types/node@npm:22.8.1"
  dependencies:
    undici-types: "npm:~6.19.8"
  checksum: 10c0/83550fdf72a7db5b55eceac3f4fb038844eaee20202bdd2297a8248370cfa08317bda1605b781a8043eda4f173b75e73632e652fc85509eb14dfef78fa17337f
  languageName: node
  linkType: hard

"ansi-styles@npm:^4.1.0":
  version: 4.3.0
  resolution: "ansi-styles@npm:4.3.0"
  dependencies:
    color-convert: "npm:^2.0.1"
  checksum: 10c0/895a23929da416f2bd3de7e9cb4eabd340949328ab85ddd6e484a637d8f6820d485f53933446f5291c3b760cbc488beb8e88573dd0f9c7daf83dccc8fe81b041
  languageName: node
  linkType: hard

"async-mutex@npm:0.5.0":
  version: 0.5.0
  resolution: "async-mutex@npm:0.5.0"
  dependencies:
    tslib: "npm:^2.4.0"
  checksum: 10c0/9096e6ad6b674c894d8ddd5aa4c512b09bb05931b8746ebd634952b05685608b2b0820ed5c406e6569919ff5fe237ab3c491e6f2887d6da6b6ba906db3ee9c32
  languageName: node
  linkType: hard

"balanced-match@npm:^1.0.0":
  version: 1.0.2
  resolution: "balanced-match@npm:1.0.2"
  checksum: 10c0/9308baf0a7e4838a82bbfd11e01b1cb0f0cf2893bc1676c27c2a8c0e70cbae1c59120c3268517a8ae7fb6376b4639ef81ca22582611dbee4ed28df945134aaee
  languageName: node
  linkType: hard

"big-integer@npm:1.6.52":
  version: 1.6.52
  resolution: "big-integer@npm:1.6.52"
  checksum: 10c0/9604224b4c2ab3c43c075d92da15863077a9f59e5d4205f4e7e76acd0cd47e8d469ec5e5dba8d9b32aa233951893b29329ca56ac80c20ce094b4a647a66abae0
  languageName: node
  linkType: hard

"brace-expansion@npm:^2.0.1":
  version: 2.0.1
  resolution: "brace-expansion@npm:2.0.1"
  dependencies:
    balanced-match: "npm:^1.0.0"
  checksum: 10c0/b358f2fe060e2d7a87aa015979ecea07f3c37d4018f8d6deb5bd4c229ad3a0384fe6029bb76cd8be63c81e516ee52d1a0673edbe2023d53a5191732ae3c3e49f
  languageName: node
  linkType: hard

"chalk@npm:4.1.2":
  version: 4.1.2
  resolution: "chalk@npm:4.1.2"
  dependencies:
    ansi-styles: "npm:^4.1.0"
    supports-color: "npm:^7.1.0"
  checksum: 10c0/4a3fef5cc34975c898ffe77141450f679721df9dde00f6c304353fa9c8b571929123b26a0e4617bde5018977eb655b31970c297b91b63ee83bb82aeb04666880
  languageName: node
  linkType: hard

"code-block-writer@npm:^13.0.3":
  version: 13.0.3
  resolution: "code-block-writer@npm:13.0.3"
  checksum: 10c0/87db97b37583f71cfd7eced8bf3f0a0a0ca53af912751a734372b36c08cd27f3e8a4878ec05591c0cd9ae11bea8add1423e132d660edd86aab952656dd41fd66
  languageName: node
  linkType: hard

"color-convert@npm:^2.0.1":
  version: 2.0.1
  resolution: "color-convert@npm:2.0.1"
  dependencies:
    color-name: "npm:~1.1.4"
  checksum: 10c0/37e1150172f2e311fe1b2df62c6293a342ee7380da7b9cfdba67ea539909afbd74da27033208d01d6d5cfc65ee7868a22e18d7e7648e004425441c0f8a15a7d7
  languageName: node
  linkType: hard

"color-name@npm:~1.1.4":
  version: 1.1.4
  resolution: "color-name@npm:1.1.4"
  checksum: 10c0/a1a3f914156960902f46f7f56bc62effc6c94e84b2cae157a526b1c1f74b677a47ec602bf68a61abfa2b42d15b7c5651c6dbe72a43af720bc588dff885b10f95
  languageName: node
  linkType: hard

"deno2node@npm:1.14.0":
  version: 1.14.0
  resolution: "deno2node@npm:1.14.0"
  dependencies:
    ts-morph: "npm:^24.0.0"
  bin:
    deno2node: lib/cli.js
  checksum: 10c0/3c7dedc17ac597b5815b226931f91de171ff67604c8a5660671bad2b38eb8fa3ec9ddc4096cb8bfa4891e42ea838b90df52575f10388f7ccecaf25863aa46f3b
  languageName: node
  linkType: hard

"fdir@npm:^6.4.2":
  version: 6.4.2
  resolution: "fdir@npm:6.4.2"
  peerDependencies:
    picomatch: ^3 || ^4
  peerDependenciesMeta:
    picomatch:
      optional: true
  checksum: 10c0/34829886f34a3ca4170eca7c7180ec4de51a3abb4d380344063c0ae2e289b11d2ba8b724afee974598c83027fea363ff598caf2b51bc4e6b1e0d8b80cc530573
  languageName: node
  linkType: hard

"has-flag@npm:^4.0.0":
  version: 4.0.0
  resolution: "has-flag@npm:4.0.0"
  checksum: 10c0/2e789c61b7888d66993e14e8331449e525ef42aac53c627cc53d1c3334e768bcb6abdc4f5f0de1478a25beec6f0bd62c7549058b7ac53e924040d4f301f02fd1
  languageName: node
  linkType: hard

"ip-address@npm:^9.0.5":
  version: 9.0.5
  resolution: "ip-address@npm:9.0.5"
  dependencies:
    jsbn: "npm:1.1.0"
    sprintf-js: "npm:^1.1.3"
  checksum: 10c0/331cd07fafcb3b24100613e4b53e1a2b4feab11e671e655d46dc09ee233da5011284d09ca40c4ecbdfe1d0004f462958675c224a804259f2f78d2465a87824bc
  languageName: node
  linkType: hard

"jsbn@npm:1.1.0":
  version: 1.1.0
  resolution: "jsbn@npm:1.1.0"
  checksum: 10c0/4f907fb78d7b712e11dea8c165fe0921f81a657d3443dde75359ed52eb2b5d33ce6773d97985a089f09a65edd80b11cb75c767b57ba47391fee4c969f7215c96
  languageName: node
  linkType: hard

"minimatch@npm:^9.0.4":
  version: 9.0.5
  resolution: "minimatch@npm:9.0.5"
  dependencies:
    brace-expansion: "npm:^2.0.1"
  checksum: 10c0/de96cf5e35bdf0eab3e2c853522f98ffbe9a36c37797778d2665231ec1f20a9447a7e567cb640901f89e4daaa95ae5d70c65a9e8aa2bb0019b6facbc3c0575ed
  languageName: node
  linkType: hard

"path-browserify@npm:^1.0.1":
  version: 1.0.1
  resolution: "path-browserify@npm:1.0.1"
  checksum: 10c0/8b8c3fd5c66bd340272180590ae4ff139769e9ab79522e2eb82e3d571a89b8117c04147f65ad066dccfb42fcad902e5b7d794b3d35e0fd840491a8ddbedf8c66
  languageName: node
  linkType: hard

"picomatch@npm:^4.0.2":
  version: 4.0.2
  resolution: "picomatch@npm:4.0.2"
  checksum: 10c0/7c51f3ad2bb42c776f49ebf964c644958158be30d0a510efd5a395e8d49cb5acfed5b82c0c5b365523ce18e6ab85013c9ebe574f60305892ec3fa8eee8304ccc
  languageName: node
  linkType: hard

"prettier@npm:3.3.3":
  version: 3.3.3
  resolution: "prettier@npm:3.3.3"
  bin:
    prettier: bin/prettier.cjs
  checksum: 10c0/b85828b08e7505716324e4245549b9205c0cacb25342a030ba8885aba2039a115dbcf75a0b7ca3b37bc9d101ee61fab8113fc69ca3359f2a226f1ecc07ad2e26
  languageName: node
  linkType: hard

"smart-buffer@npm:^4.2.0":
  version: 4.2.0
  resolution: "smart-buffer@npm:4.2.0"
  checksum: 10c0/a16775323e1404dd43fabafe7460be13a471e021637bc7889468eb45ce6a6b207261f454e4e530a19500cc962c4cc5348583520843b363f4193cee5c00e1e539
  languageName: node
  linkType: hard

"socks@npm:2.8.3":
  version: 2.8.3
  resolution: "socks@npm:2.8.3"
  dependencies:
    ip-address: "npm:^9.0.5"
    smart-buffer: "npm:^4.2.0"
  checksum: 10c0/d54a52bf9325165770b674a67241143a3d8b4e4c8884560c4e0e078aace2a728dffc7f70150660f51b85797c4e1a3b82f9b7aa25e0a0ceae1a243365da5c51a7
  languageName: node
  linkType: hard

"sprintf-js@npm:^1.1.3":
  version: 1.1.3
  resolution: "sprintf-js@npm:1.1.3"
  checksum: 10c0/09270dc4f30d479e666aee820eacd9e464215cdff53848b443964202bf4051490538e5dd1b42e1a65cf7296916ca17640aebf63dae9812749c7542ee5f288dec
  languageName: node
  linkType: hard

"supports-color@npm:^7.1.0":
  version: 7.2.0
  resolution: "supports-color@npm:7.2.0"
  dependencies:
    has-flag: "npm:^4.0.0"
  checksum: 10c0/afb4c88521b8b136b5f5f95160c98dee7243dc79d5432db7efc27efb219385bbc7d9427398e43dd6cc730a0f87d5085ce1652af7efbe391327bc0a7d0f7fc124
  languageName: node
  linkType: hard

"tinyglobby@npm:^0.2.9":
  version: 0.2.10
  resolution: "tinyglobby@npm:0.2.10"
  dependencies:
    fdir: "npm:^6.4.2"
    picomatch: "npm:^4.0.2"
  checksum: 10c0/ce946135d39b8c0e394e488ad59f4092e8c4ecd675ef1bcd4585c47de1b325e61ec6adfbfbe20c3c2bfa6fd674c5b06de2a2e65c433f752ae170aff11793e5ef
  languageName: node
  linkType: hard

"ts-morph@npm:^24.0.0":
  version: 24.0.0
  resolution: "ts-morph@npm:24.0.0"
  dependencies:
    "@ts-morph/common": "npm:~0.25.0"
    code-block-writer: "npm:^13.0.3"
  checksum: 10c0/2a0813ba428a154966d4038901f6c32457a60870936b23778f2629433257f87d1881fc4ecae7b791a223a88c2edf96aaac9fb0f88bf34d3c652af8c09c4f43bc
  languageName: node
  linkType: hard

"tslib@npm:^2.4.0":
  version: 2.4.1
  resolution: "tslib@npm:2.4.1"
  checksum: 10c0/9ac0e4fd1033861f0b4f0d848dc3009ebcc3aa4757a06e8602a2d8a7aed252810e3540e54e70709f06c0f95311faa8584f769bcbede48aff785eb7e4d399b9ec
  languageName: node
  linkType: hard

"undici-types@npm:~6.19.8":
  version: 6.19.8
  resolution: "undici-types@npm:6.19.8"
  checksum: 10c0/078afa5990fba110f6824823ace86073b4638f1d5112ee26e790155f481f2a868cc3e0615505b6f4282bdf74a3d8caad715fd809e870c2bb0704e3ea6082f344
  languageName: node
  linkType: hard
