# This file is generated by running "yarn install" inside your project.
# Manual changes might be lost - proceed with caution!

__metadata:
  version: 8
  cacheKey: 10c0

"@nodelib/fs.scandir@npm:2.1.5":
  version: 2.1.5
  resolution: "@nodelib/fs.scandir@npm:2.1.5"
  dependencies:
    "@nodelib/fs.stat": "npm:2.0.5"
    run-parallel: "npm:^1.1.9"
  checksum: 10c0/732c3b6d1b1e967440e65f284bd06e5821fedf10a1bea9ed2bb75956ea1f30e08c44d3def9d6a230666574edbaf136f8cfd319c14fd1f87c66e6a44449afb2eb
  languageName: node
  linkType: hard

"@nodelib/fs.stat@npm:2.0.5, @nodelib/fs.stat@npm:^2.0.2":
  version: 2.0.5
  resolution: "@nodelib/fs.stat@npm:2.0.5"
  checksum: 10c0/88dafe5e3e29a388b07264680dc996c17f4bda48d163a9d4f5c1112979f0ce8ec72aa7116122c350b4e7976bc5566dc3ddb579be1ceaacc727872eb4ed93926d
  languageName: node
  linkType: hard

"@nodelib/fs.walk@npm:^1.2.3":
  version: 1.2.8
  resolution: "@nodelib/fs.walk@npm:1.2.8"
  dependencies:
    "@nodelib/fs.scandir": "npm:2.1.5"
    fastq: "npm:^1.6.0"
  checksum: 10c0/db9de047c3bb9b51f9335a7bb46f4fcfb6829fb628318c12115fbaf7d369bfce71c15b103d1fc3b464812d936220ee9bc1c8f762d032c9f6be9acc99249095b1
  languageName: node
  linkType: hard

"@tgsnake/bytesio@npm:^1.0.0":
  version: 1.0.0
  resolution: "@tgsnake/bytesio@npm:1.0.0"
  checksum: 10c0/b9acbfaa7c231597f0a52e6cf6f311a5e76660408964842a4df2e4dd664906fa8e88d69bdd9fce0e115c6e849303c5e9844fde7ee53d0f3619e648847e9b2f64
  languageName: node
  linkType: hard

"@tgsnake/core@workspace:.":
  version: 0.0.0-use.local
  resolution: "@tgsnake/core@workspace:."
  dependencies:
    "@tgsnake/bytesio": "npm:^1.0.0"
    "@tgsnake/log": "npm:latest"
    "@tgsnake/skema": "npm:^1.9.0"
    "@types/bun": "npm:^1.3.9"
    "@types/node": "npm:25.3.0"
    async-mutex: "npm:0.5.0"
    big-integer: "npm:1.6.52"
    deno2node: "npm:1.16.0"
    prettier: "npm:3.8.1"
    socks: "npm:2.8.7"
  languageName: unknown
  linkType: soft

"@tgsnake/log@npm:^1.6.4, @tgsnake/log@npm:latest":
  version: 1.6.4
  resolution: "@tgsnake/log@npm:1.6.4"
  dependencies:
    chalk: "npm:4.1.2"
  checksum: 10c0/f5afd8607721c136e0cbe55b3e5a20341f6898ea0cdd8e947576ee8253b4afb41452faa2aa9db95e45da73f2cb699497af6401dd994bb549990b1fd9294e4fc3
  languageName: node
  linkType: hard

"@tgsnake/skema@npm:^1.9.0":
  version: 1.9.0
  resolution: "@tgsnake/skema@npm:1.9.0"
  dependencies:
    "@tgsnake/bytesio": "npm:^1.0.0"
    "@tgsnake/log": "npm:^1.6.4"
    big-integer: "npm:^1.6.52"
  checksum: 10c0/d3d705090315ae8c4ab47730227136ccefecb84fe7149480901fe879d479a54bf1fd0cb568b7753b7db78fb1d7a7c328a238d6dc55fb717018fbdb3a971ae347
  languageName: node
  linkType: hard

"@ts-morph/common@npm:~0.27.0":
  version: 0.27.0
  resolution: "@ts-morph/common@npm:0.27.0"
  dependencies:
    fast-glob: "npm:^3.3.3"
    minimatch: "npm:^10.0.1"
    path-browserify: "npm:^1.0.1"
  checksum: 10c0/3daa267bd78114ff504eb064c5215da6e46589e775b781ec0da4998d999b0d7130eff287e70d6e13e0a0a897ea16e9387f4cd885b4b9d6d628f318cecb81d473
  languageName: node
  linkType: hard

"@types/bun@npm:^1.3.9":
  version: 1.3.9
  resolution: "@types/bun@npm:1.3.9"
  dependencies:
    bun-types: "npm:1.3.9"
  checksum: 10c0/301c60e203c7e34faaeb1a861576fa1f3008569a9e22f24625ecc073a027d82bfa992a370a28770c5f3ec45bccf3784b44cb9ce72c8b48271a59483d25e95ccc
  languageName: node
  linkType: hard

"@types/node@npm:*, @types/node@npm:25.3.0":
  version: 25.3.0
  resolution: "@types/node@npm:25.3.0"
  dependencies:
    undici-types: "npm:~7.18.0"
  checksum: 10c0/7b2b18c9d68047157367fc2f786d4f166d22dc0ad9f82331ca02fb16f2f391854123dbe604dcb938cda119c87051e4bb71dcb9ece44a579f483a6f96d4bd41de
  languageName: node
  linkType: hard

"ansi-styles@npm:^4.1.0":
  version: 4.3.0
  resolution: "ansi-styles@npm:4.3.0"
  dependencies:
    color-convert: "npm:^2.0.1"
  checksum: 10c0/895a23929da416f2bd3de7e9cb4eabd340949328ab85ddd6e484a637d8f6820d485f53933446f5291c3b760cbc488beb8e88573dd0f9c7daf83dccc8fe81b041
  languageName: node
  linkType: hard

"async-mutex@npm:0.5.0":
  version: 0.5.0
  resolution: "async-mutex@npm:0.5.0"
  dependencies:
    tslib: "npm:^2.4.0"
  checksum: 10c0/9096e6ad6b674c894d8ddd5aa4c512b09bb05931b8746ebd634952b05685608b2b0820ed5c406e6569919ff5fe237ab3c491e6f2887d6da6b6ba906db3ee9c32
  languageName: node
  linkType: hard

"balanced-match@npm:^4.0.2":
  version: 4.0.3
  resolution: "balanced-match@npm:4.0.3"
  checksum: 10c0/4d96945d0815849934145b2cdc0ccb80fb869d909060820fde5f95da0a32040f2142560ef931584fbb6a1607d39d399707e7d2364030a720ac1dc6f78ddaf9dc
  languageName: node
  linkType: hard

"big-integer@npm:1.6.52, big-integer@npm:^1.6.52":
  version: 1.6.52
  resolution: "big-integer@npm:1.6.52"
  checksum: 10c0/9604224b4c2ab3c43c075d92da15863077a9f59e5d4205f4e7e76acd0cd47e8d469ec5e5dba8d9b32aa233951893b29329ca56ac80c20ce094b4a647a66abae0
  languageName: node
  linkType: hard

"brace-expansion@npm:^5.0.2":
  version: 5.0.2
  resolution: "brace-expansion@npm:5.0.2"
  dependencies:
    balanced-match: "npm:^4.0.2"
  checksum: 10c0/60c765e5df6fc0ceca3d5703202ae6779db61f28ea3bf93a04dbf0d50c22ef8e4644e09d0459c827077cd2d09ba8f199a04d92c36419fcf874601a5565013174
  languageName: node
  linkType: hard

"braces@npm:^3.0.3":
  version: 3.0.3
  resolution: "braces@npm:3.0.3"
  dependencies:
    fill-range: "npm:^7.1.1"
  checksum: 10c0/7c6dfd30c338d2997ba77500539227b9d1f85e388a5f43220865201e407e076783d0881f2d297b9f80951b4c957fcf0b51c1d2d24227631643c3f7c284b0aa04
  languageName: node
  linkType: hard

"bun-types@npm:1.3.9":
  version: 1.3.9
  resolution: "bun-types@npm:1.3.9"
  dependencies:
    "@types/node": "npm:*"
  checksum: 10c0/2b974aa4d6e4251d8f68c68c1a2ec775d4be7533356313f2631a06357f91f5388d3f7779e878a620794823600b9bdd1c8e1833a9989389def9fb6c82dcc15391
  languageName: node
  linkType: hard

"chalk@npm:4.1.2":
  version: 4.1.2
  resolution: "chalk@npm:4.1.2"
  dependencies:
    ansi-styles: "npm:^4.1.0"
    supports-color: "npm:^7.1.0"
  checksum: 10c0/4a3fef5cc34975c898ffe77141450f679721df9dde00f6c304353fa9c8b571929123b26a0e4617bde5018977eb655b31970c297b91b63ee83bb82aeb04666880
  languageName: node
  linkType: hard

"code-block-writer@npm:^13.0.3":
  version: 13.0.3
  resolution: "code-block-writer@npm:13.0.3"
  checksum: 10c0/87db97b37583f71cfd7eced8bf3f0a0a0ca53af912751a734372b36c08cd27f3e8a4878ec05591c0cd9ae11bea8add1423e132d660edd86aab952656dd41fd66
  languageName: node
  linkType: hard

"color-convert@npm:^2.0.1":
  version: 2.0.1
  resolution: "color-convert@npm:2.0.1"
  dependencies:
    color-name: "npm:~1.1.4"
  checksum: 10c0/37e1150172f2e311fe1b2df62c6293a342ee7380da7b9cfdba67ea539909afbd74da27033208d01d6d5cfc65ee7868a22e18d7e7648e004425441c0f8a15a7d7
  languageName: node
  linkType: hard

"color-name@npm:~1.1.4":
  version: 1.1.4
  resolution: "color-name@npm:1.1.4"
  checksum: 10c0/a1a3f914156960902f46f7f56bc62effc6c94e84b2cae157a526b1c1f74b677a47ec602bf68a61abfa2b42d15b7c5651c6dbe72a43af720bc588dff885b10f95
  languageName: node
  linkType: hard

"deno2node@npm:1.16.0":
  version: 1.16.0
  resolution: "deno2node@npm:1.16.0"
  dependencies:
    ts-morph: "npm:^26.0.0"
  bin:
    deno2node: lib/cli.js
  checksum: 10c0/4fc8f20b0745aaeac7c4e81a792bb8db6f5d4beeb64619cbf215dbfc83999866c3a66df48ca1eba7b6b702b1b3ffc062b671329e7111040088bab412218ff6ed
  languageName: node
  linkType: hard

"fast-glob@npm:^3.3.3":
  version: 3.3.3
  resolution: "fast-glob@npm:3.3.3"
  dependencies:
    "@nodelib/fs.stat": "npm:^2.0.2"
    "@nodelib/fs.walk": "npm:^1.2.3"
    glob-parent: "npm:^5.1.2"
    merge2: "npm:^1.3.0"
    micromatch: "npm:^4.0.8"
  checksum: 10c0/f6aaa141d0d3384cf73cbcdfc52f475ed293f6d5b65bfc5def368b09163a9f7e5ec2b3014d80f733c405f58e470ee0cc451c2937685045cddcdeaa24199c43fe
  languageName: node
  linkType: hard

"fastq@npm:^1.6.0":
  version: 1.19.1
  resolution: "fastq@npm:1.19.1"
  dependencies:
    reusify: "npm:^1.0.4"
  checksum: 10c0/ebc6e50ac7048daaeb8e64522a1ea7a26e92b3cee5cd1c7f2316cdca81ba543aa40a136b53891446ea5c3a67ec215fbaca87ad405f102dd97012f62916905630
  languageName: node
  linkType: hard

"fill-range@npm:^7.1.1":
  version: 7.1.1
  resolution: "fill-range@npm:7.1.1"
  dependencies:
    to-regex-range: "npm:^5.0.1"
  checksum: 10c0/b75b691bbe065472f38824f694c2f7449d7f5004aa950426a2c28f0306c60db9b880c0b0e4ed819997ffb882d1da02cfcfc819bddc94d71627f5269682edf018
  languageName: node
  linkType: hard

"glob-parent@npm:^5.1.2":
  version: 5.1.2
  resolution: "glob-parent@npm:5.1.2"
  dependencies:
    is-glob: "npm:^4.0.1"
  checksum: 10c0/cab87638e2112bee3f839ef5f6e0765057163d39c66be8ec1602f3823da4692297ad4e972de876ea17c44d652978638d2fd583c6713d0eb6591706825020c9ee
  languageName: node
  linkType: hard

"has-flag@npm:^4.0.0":
  version: 4.0.0
  resolution: "has-flag@npm:4.0.0"
  checksum: 10c0/2e789c61b7888d66993e14e8331449e525ef42aac53c627cc53d1c3334e768bcb6abdc4f5f0de1478a25beec6f0bd62c7549058b7ac53e924040d4f301f02fd1
  languageName: node
  linkType: hard

"ip-address@npm:^10.0.1":
  version: 10.1.0
  resolution: "ip-address@npm:10.1.0"
  checksum: 10c0/0103516cfa93f6433b3bd7333fa876eb21263912329bfa47010af5e16934eeeff86f3d2ae700a3744a137839ddfad62b900c7a445607884a49b5d1e32a3d7566
  languageName: node
  linkType: hard

"is-extglob@npm:^2.1.1":
  version: 2.1.1
  resolution: "is-extglob@npm:2.1.1"
  checksum: 10c0/5487da35691fbc339700bbb2730430b07777a3c21b9ebaecb3072512dfd7b4ba78ac2381a87e8d78d20ea08affb3f1971b4af629173a6bf435ff8a4c47747912
  languageName: node
  linkType: hard

"is-glob@npm:^4.0.1":
  version: 4.0.3
  resolution: "is-glob@npm:4.0.3"
  dependencies:
    is-extglob: "npm:^2.1.1"
  checksum: 10c0/17fb4014e22be3bbecea9b2e3a76e9e34ff645466be702f1693e8f1ee1adac84710d0be0bd9f967d6354036fd51ab7c2741d954d6e91dae6bb69714de92c197a
  languageName: node
  linkType: hard

"is-number@npm:^7.0.0":
  version: 7.0.0
  resolution: "is-number@npm:7.0.0"
  checksum: 10c0/b4686d0d3053146095ccd45346461bc8e53b80aeb7671cc52a4de02dbbf7dc0d1d2a986e2fe4ae206984b4d34ef37e8b795ebc4f4295c978373e6575e295d811
  languageName: node
  linkType: hard

"merge2@npm:^1.3.0":
  version: 1.4.1
  resolution: "merge2@npm:1.4.1"
  checksum: 10c0/254a8a4605b58f450308fc474c82ac9a094848081bf4c06778200207820e5193726dc563a0d2c16468810516a5c97d9d3ea0ca6585d23c58ccfff2403e8dbbeb
  languageName: node
  linkType: hard

"micromatch@npm:^4.0.8":
  version: 4.0.8
  resolution: "micromatch@npm:4.0.8"
  dependencies:
    braces: "npm:^3.0.3"
    picomatch: "npm:^2.3.1"
  checksum: 10c0/166fa6eb926b9553f32ef81f5f531d27b4ce7da60e5baf8c021d043b27a388fb95e46a8038d5045877881e673f8134122b59624d5cecbd16eb50a42e7a6b5ca8
  languageName: node
  linkType: hard

"minimatch@npm:^10.0.1":
  version: 10.2.2
  resolution: "minimatch@npm:10.2.2"
  dependencies:
    brace-expansion: "npm:^5.0.2"
  checksum: 10c0/098831f2f542cb802e1f249c809008a016e1fef6b3a9eda9cf9ecb2b3d7979083951bd47c0c82fcf34330bd3b36638a493d4fa8e24cce58caf5b481de0f4e238
  languageName: node
  linkType: hard

"path-browserify@npm:^1.0.1":
  version: 1.0.1
  resolution: "path-browserify@npm:1.0.1"
  checksum: 10c0/8b8c3fd5c66bd340272180590ae4ff139769e9ab79522e2eb82e3d571a89b8117c04147f65ad066dccfb42fcad902e5b7d794b3d35e0fd840491a8ddbedf8c66
  languageName: node
  linkType: hard

"picomatch@npm:^2.3.1":
  version: 2.3.1
  resolution: "picomatch@npm:2.3.1"
  checksum: 10c0/26c02b8d06f03206fc2ab8d16f19960f2ff9e81a658f831ecb656d8f17d9edc799e8364b1f4a7873e89d9702dff96204be0fa26fe4181f6843f040f819dac4be
  languageName: node
  linkType: hard

"prettier@npm:3.8.1":
  version: 3.8.1
  resolution: "prettier@npm:3.8.1"
  bin:
    prettier: bin/prettier.cjs
  checksum: 10c0/33169b594009e48f570471271be7eac7cdcf88a209eed39ac3b8d6d78984039bfa9132f82b7e6ba3b06711f3bfe0222a62a1bfb87c43f50c25a83df1b78a2c42
  languageName: node
  linkType: hard

"queue-microtask@npm:^1.2.2":
  version: 1.2.3
  resolution: "queue-microtask@npm:1.2.3"
  checksum: 10c0/900a93d3cdae3acd7d16f642c29a642aea32c2026446151f0778c62ac089d4b8e6c986811076e1ae180a694cedf077d453a11b58ff0a865629a4f82ab558e102
  languageName: node
  linkType: hard

"reusify@npm:^1.0.4":
  version: 1.1.0
  resolution: "reusify@npm:1.1.0"
  checksum: 10c0/4eff0d4a5f9383566c7d7ec437b671cc51b25963bd61bf127c3f3d3f68e44a026d99b8d2f1ad344afff8d278a8fe70a8ea092650a716d22287e8bef7126bb2fa
  languageName: node
  linkType: hard

"run-parallel@npm:^1.1.9":
  version: 1.2.0
  resolution: "run-parallel@npm:1.2.0"
  dependencies:
    queue-microtask: "npm:^1.2.2"
  checksum: 10c0/200b5ab25b5b8b7113f9901bfe3afc347e19bb7475b267d55ad0eb86a62a46d77510cb0f232507c9e5d497ebda569a08a9867d0d14f57a82ad5564d991588b39
  languageName: node
  linkType: hard

"smart-buffer@npm:^4.2.0":
  version: 4.2.0
  resolution: "smart-buffer@npm:4.2.0"
  checksum: 10c0/a16775323e1404dd43fabafe7460be13a471e021637bc7889468eb45ce6a6b207261f454e4e530a19500cc962c4cc5348583520843b363f4193cee5c00e1e539
  languageName: node
  linkType: hard

"socks@npm:2.8.7":
  version: 2.8.7
  resolution: "socks@npm:2.8.7"
  dependencies:
    ip-address: "npm:^10.0.1"
    smart-buffer: "npm:^4.2.0"
  checksum: 10c0/2805a43a1c4bcf9ebf6e018268d87b32b32b06fbbc1f9282573583acc155860dc361500f89c73bfbb157caa1b4ac78059eac0ef15d1811eb0ca75e0bdadbc9d2
  languageName: node
  linkType: hard

"supports-color@npm:^7.1.0":
  version: 7.2.0
  resolution: "supports-color@npm:7.2.0"
  dependencies:
    has-flag: "npm:^4.0.0"
  checksum: 10c0/afb4c88521b8b136b5f5f95160c98dee7243dc79d5432db7efc27efb219385bbc7d9427398e43dd6cc730a0f87d5085ce1652af7efbe391327bc0a7d0f7fc124
  languageName: node
  linkType: hard

"to-regex-range@npm:^5.0.1":
  version: 5.0.1
  resolution: "to-regex-range@npm:5.0.1"
  dependencies:
    is-number: "npm:^7.0.0"
  checksum: 10c0/487988b0a19c654ff3e1961b87f471702e708fa8a8dd02a298ef16da7206692e8552a0250e8b3e8759270f62e9d8314616f6da274734d3b558b1fc7b7724e892
  languageName: node
  linkType: hard

"ts-morph@npm:^26.0.0":
  version: 26.0.0
  resolution: "ts-morph@npm:26.0.0"
  dependencies:
    "@ts-morph/common": "npm:~0.27.0"
    code-block-writer: "npm:^13.0.3"
  checksum: 10c0/c6880d90a1eefe0ce6555bf8c11cc104b1f36f84bd36a37a82b9ae0b974f51fe6b1bc91bb0ec42550158dc1c812329d6433e1237cba64f1ef515c129b321dd5d
  languageName: node
  linkType: hard

"tslib@npm:^2.4.0":
  version: 2.4.1
  resolution: "tslib@npm:2.4.1"
  checksum: 10c0/9ac0e4fd1033861f0b4f0d848dc3009ebcc3aa4757a06e8602a2d8a7aed252810e3540e54e70709f06c0f95311faa8584f769bcbede48aff785eb7e4d399b9ec
  languageName: node
  linkType: hard

"undici-types@npm:~7.18.0":
  version: 7.18.2
  resolution: "undici-types@npm:7.18.2"
  checksum: 10c0/85a79189113a238959d7a647368e4f7c5559c3a404ebdb8fc4488145ce9426fcd82252a844a302798dfc0e37e6fb178ff481ed03bc4caf634c5757d9ef43521d
  languageName: node
  linkType: hard
