# This file is generated by running "yarn install" inside your project.
# Manual changes might be lost - proceed with caution!

__metadata:
  version: 10
  cacheKey: 10c0

"@tgsnake/bytesio@npm:^2.0.0, @tgsnake/bytesio@npm:^2.0.1":
  version: 2.0.1
  resolution: "@tgsnake/bytesio@npm:2.0.1"
  checksum: 10c0/f904cb3785d583ebab33c74275557414187b8f53d5205a1d8a1b70e2933bcad935ec42b5d4fd3d8056e35becf02d61705942d3aa30ced9884cd15c296cc14dd8
  languageName: node
  linkType: hard

"@tgsnake/core@workspace:.":
  version: 0.0.0-use.local
  resolution: "@tgsnake/core@workspace:."
  dependencies:
    "@tgsnake/bytesio": "npm:^2.0.1"
    "@tgsnake/log": "npm:^2.0.1"
    "@tgsnake/skema": "npm:^2.0.0"
    "@types/bun": "npm:^1.3.14"
    "@types/node": "npm:^25.9.3"
    async-mutex: "npm:^0.5.0"
    big-integer: "npm:^1.6.52"
    prettier: "npm:^3.8.4"
    socks: "npm:^2.8.9"
    typescript: "npm:^6.0.3"
  peerDependencies:
    "@tgsnake/skema": ^1.13.0
  languageName: unknown
  linkType: soft

"@tgsnake/log@npm:^2.0.0, @tgsnake/log@npm:^2.0.1":
  version: 2.0.1
  resolution: "@tgsnake/log@npm:2.0.1"
  dependencies:
    chalk: "npm:^5.6.2"
    color-convert: "npm:^3.1.3"
  checksum: 10c0/baf04400033760c3babb0ff96914f665d511dd13ce09f16ceccf87cd1cd15dccbe3fc25d76c61490e5532e2bc6e0c304a058fef37b481fcc6b5db2dbaaaa990e
  languageName: node
  linkType: hard

"@tgsnake/skema@npm:^2.0.0":
  version: 2.0.0
  resolution: "@tgsnake/skema@npm:2.0.0"
  dependencies:
    "@tgsnake/bytesio": "npm:^2.0.0"
    "@tgsnake/log": "npm:^2.0.0"
    big-integer: "npm:^1.6.52"
  checksum: 10c0/de9b53495a75e55cfb6372e6fbf5119b57c974013967b08f08dff4fafc56efbbfa3b5e460e8185d1830b38cb311abc12d4daf3ea7aa76d8635bc5a21d82e75d4
  languageName: node
  linkType: hard

"@types/bun@npm:^1.3.14":
  version: 1.3.14
  resolution: "@types/bun@npm:1.3.14"
  dependencies:
    bun-types: "npm:1.3.14"
  checksum: 10c0/5531e17062f48da00d7d1e70bae8252fb5b61f6d699505ace74e60a1cecbafd624cc9d1694500857f261822c00e75fcbad9269f91adee790d6240875d46bb3f9
  languageName: node
  linkType: hard

"@types/node@npm:*":
  version: 25.3.0
  resolution: "@types/node@npm:25.3.0"
  dependencies:
    undici-types: "npm:~7.18.0"
  checksum: 10c0/7b2b18c9d68047157367fc2f786d4f166d22dc0ad9f82331ca02fb16f2f391854123dbe604dcb938cda119c87051e4bb71dcb9ece44a579f483a6f96d4bd41de
  languageName: node
  linkType: hard

"@types/node@npm:^25.9.3":
  version: 25.9.3
  resolution: "@types/node@npm:25.9.3"
  dependencies:
    undici-types: "npm:>=7.24.0 <7.24.7"
  checksum: 10c0/72d3aece9d42c2c641bcd3f3cb2dc2828b4bd384dfcbd910c404b8859a68bd69d50c4769ce7defd4ff5e049768e23e615f09407ea2cbbb5f44b90d75a7c6b8ca
  languageName: node
  linkType: hard

"async-mutex@npm:^0.5.0":
  version: 0.5.0
  resolution: "async-mutex@npm:0.5.0"
  dependencies:
    tslib: "npm:^2.4.0"
  checksum: 10c0/9096e6ad6b674c894d8ddd5aa4c512b09bb05931b8746ebd634952b05685608b2b0820ed5c406e6569919ff5fe237ab3c491e6f2887d6da6b6ba906db3ee9c32
  languageName: node
  linkType: hard

"big-integer@npm:^1.6.52":
  version: 1.6.52
  resolution: "big-integer@npm:1.6.52"
  checksum: 10c0/9604224b4c2ab3c43c075d92da15863077a9f59e5d4205f4e7e76acd0cd47e8d469ec5e5dba8d9b32aa233951893b29329ca56ac80c20ce094b4a647a66abae0
  languageName: node
  linkType: hard

"bun-types@npm:1.3.14":
  version: 1.3.14
  resolution: "bun-types@npm:1.3.14"
  dependencies:
    "@types/node": "npm:*"
  checksum: 10c0/5aef8b13d6a0c0f218b5995aa74148c6a2536639a94560bbc80ee1b50a6ce05f011c93052340c7bf3469b9705af70737ff9d5cd7eb8ebbd49dbb8f55ed3eaeaf
  languageName: node
  linkType: hard

"chalk@npm:^5.6.2":
  version: 5.6.2
  resolution: "chalk@npm:5.6.2"
  checksum: 10c0/99a4b0f0e7991796b1e7e3f52dceb9137cae2a9dfc8fc0784a550dc4c558e15ab32ed70b14b21b52beb2679b4892b41a0aa44249bcb996f01e125d58477c6976
  languageName: node
  linkType: hard

"color-convert@npm:^3.1.3":
  version: 3.1.3
  resolution: "color-convert@npm:3.1.3"
  dependencies:
    color-name: "npm:^2.0.0"
  checksum: 10c0/427648b442c6ea6dab5ba03f4962201ee59f128c80b25d5a0f7d9aab0ef52519a9db8a9bb3cf40b73f86eb19b5ca6aeb0ab930665f3d14973ce776d7d0448a15
  languageName: node
  linkType: hard

"color-name@npm:^2.0.0":
  version: 2.1.0
  resolution: "color-name@npm:2.1.0"
  checksum: 10c0/9c953caba99557fce472232ded438c56b902c569cb15d66fcfbdf6374206126eef52ab66459f3984d4074b4aa8ab95e6f4b31a8e4f228dea57d0afecf94281fa
  languageName: node
  linkType: hard

"ip-address@npm:^10.1.1":
  version: 10.2.0
  resolution: "ip-address@npm:10.2.0"
  checksum: 10c0/5a00aada6e922c9c69dfc800ed5d0fa3348675ebdeed0e1575f503f27ca385b5f534363c9af7ad1daf64c1f1409388cdd3cc2e9b9b0fe1c924a431378d55075a
  languageName: node
  linkType: hard

"prettier@npm:^3.8.4":
  version: 3.8.4
  resolution: "prettier@npm:3.8.4"
  bin:
    prettier: bin/prettier.cjs
  checksum: 10c0/b90a0cbe75b88ac0af9c13fe0f359bd19926fabccd88483227b21f71f0c1cc42da056fc1ac3a361e665577c568371d5ccfb2c62c31c8a1186f8d1bd531a063e9
  languageName: node
  linkType: hard

"smart-buffer@npm:^4.2.0":
  version: 4.2.0
  resolution: "smart-buffer@npm:4.2.0"
  checksum: 10c0/a16775323e1404dd43fabafe7460be13a471e021637bc7889468eb45ce6a6b207261f454e4e530a19500cc962c4cc5348583520843b363f4193cee5c00e1e539
  languageName: node
  linkType: hard

"socks@npm:^2.8.9":
  version: 2.8.9
  resolution: "socks@npm:2.8.9"
  dependencies:
    ip-address: "npm:^10.1.1"
    smart-buffer: "npm:^4.2.0"
  checksum: 10c0/2d4350c31142b0931eb1758825b426bcbf4bfb5eed682ca48bc46dc9e7d1930ec366ea574ad49fc6c1fd9e9e17ce243be0ef13e31fc4b0319d9093f1fb19743c
  languageName: node
  linkType: hard

"tslib@npm:^2.4.0":
  version: 2.4.1
  resolution: "tslib@npm:2.4.1"
  checksum: 10c0/9ac0e4fd1033861f0b4f0d848dc3009ebcc3aa4757a06e8602a2d8a7aed252810e3540e54e70709f06c0f95311faa8584f769bcbede48aff785eb7e4d399b9ec
  languageName: node
  linkType: hard

"typescript@npm:^6.0.3":
  version: 6.0.3
  resolution: "typescript@npm:6.0.3"
  bin:
    tsc: bin/tsc
    tsserver: bin/tsserver
  checksum: 10c0/4a25ff5045b984370f48f196b3a0120779b1b343d40b9a68d114ea5e5fff099809b2bb777576991a63a5cd59cf7bffd96ff6fe10afcefbcb8bd6fb96ad4b6606
  languageName: node
  linkType: hard

"typescript@patch:typescript@npm%3A^6.0.3#optional!builtin<compat/typescript>":
  version: 6.0.3
  resolution: "typescript@patch:typescript@npm%3A6.0.3#optional!builtin<compat/typescript>::version=6.0.3&hash=5786d5"
  bin:
    tsc: bin/tsc
    tsserver: bin/tsserver
  checksum: 10c0/2f25c74e65663c248fa1ade2b8459d9ce5372ff9dad07067310f132966ebec1d93f6c42f0baf77a6b6a7a91460463f708e6887013aaade22111037457c6b25df
  languageName: node
  linkType: hard

"undici-types@npm:>=7.24.0 <7.24.7":
  version: 7.24.6
  resolution: "undici-types@npm:7.24.6"
  checksum: 10c0/d9cd8befb643ac904615c280a095ba4240531f6bb4a5e75a22a7483630ca8d3f1016d2ab6ace6ceda1f63b3a2db2fe037fafe121d6917a0187573aa548ff78ca
  languageName: node
  linkType: hard

"undici-types@npm:~7.18.0":
  version: 7.18.2
  resolution: "undici-types@npm:7.18.2"
  checksum: 10c0/85a79189113a238959d7a647368e4f7c5559c3a404ebdb8fc4488145ce9426fcd82252a844a302798dfc0e37e6fb178ff481ed03bc4caf634c5757d9ef43521d
  languageName: node
  linkType: hard
